
Microsoft Visual Studio Solution File, Format Version 12.00
# Visual Studio 15
VisualStudioVersion = 15.0.28307.489
MinimumVisualStudioVersion = 10.0.40219.1
Project("{FAE04EC0-301F-11D3-BF4B-00C04F79EFBC}") = "Password Encryptor and Decryptor", "Password Encryptor and Decryptor\Password Encryptor and Decryptor.csproj", "{2489BC95-2ECD-4365-B4C2-C835047D8010}"
EndProject
Global
	GlobalSection(SolutionConfigurationPlatforms) = preSolution
		Debug|Any CPU = Debug|Any CPU
		Release|Any CPU = Release|Any CPU
	EndGlobalSection
	GlobalSection(ProjectConfigurationPlatforms) = postSolution
		{2489BC95-2ECD-4365-B4C2-C835047D8010}.Debug|Any CPU.ActiveCfg = Debug|Any CPU
		{2489BC95-2ECD-4365-B4C2-C835047D8010}.Debug|Any CPU.Build.0 = Debug|Any CPU
		{2489BC95-2ECD-4365-B4C2-C835047D8010}.Release|Any CPU.ActiveCfg = Release|Any CPU
		{2489BC95-2ECD-4365-B4C2-C835047D8010}.Release|Any CPU.Build.0 = Release|Any CPU
	EndGlobalSection
	GlobalSection(SolutionProperties) = preSolution
		HideSolutionNode = FALSE
	EndGlobalSection
	GlobalSection(ExtensibilityGlobals) = postSolution
		SolutionGuid = {C8C25B6D-0033-4A16-8064-9748C9130EB6}
	EndGlobalSection
EndGlobal
